
Microsoft Visual Studio Solution File, Format Version 12.00
# Visual Studio 2012
Project("{8BC9CEB8-8B4A-11D0-8D11-00A0C91BC942}") = "ticTacToe", "ticTacToe\ticTacToe.vcxproj", "{CECDCD7E-D9A0-4EB3-8D76-96CDD87A79BA}"
EndProject
Global
	GlobalSection(SolutionConfigurationPlatforms) = preSolution
		Debug|Win32 = Debug|Win32
		Release|Win32 = Release|Win32
	EndGlobalSection
	GlobalSection(ProjectConfigurationPlatforms) = postSolution
		{CECDCD7E-D9A0-4EB3-8D76-96CDD87A79BA}.Debug|Win32.ActiveCfg = Debug|Win32
		{CECDCD7E-D9A0-4EB3-8D76-96CDD87A79BA}.Debug|Win32.Build.0 = Debug|Win32
		{CECDCD7E-D9A0-4EB3-8D76-96CDD87A79BA}.Release|Win32.ActiveCfg = Release|Win32
		{CECDCD7E-D9A0-4EB3-8D76-96CDD87A79BA}.Release|Win32.Build.0 = Release|Win32
	EndGlobalSection
	GlobalSection(SolutionProperties) = preSolution
		HideSolutionNode = FALSE
	EndGlobalSection
EndGlobal
