
Microsoft Visual Studio Solution File, Format Version 12.00
# Visual Studio 2012
Project("{8BC9CEB8-8B4A-11D0-8D11-00A0C91BC942}") = "montyHallProblem", "montyHallProblem\montyHallProblem.vcxproj", "{E94B43B1-14AA-44D5-99C3-37CC186D1E33}"
EndProject
Global
	GlobalSection(SolutionConfigurationPlatforms) = preSolution
		Debug|Win32 = Debug|Win32
		Release|Win32 = Release|Win32
	EndGlobalSection
	GlobalSection(ProjectConfigurationPlatforms) = postSolution
		{E94B43B1-14AA-44D5-99C3-37CC186D1E33}.Debug|Win32.ActiveCfg = Debug|Win32
		{E94B43B1-14AA-44D5-99C3-37CC186D1E33}.Debug|Win32.Build.0 = Debug|Win32
		{E94B43B1-14AA-44D5-99C3-37CC186D1E33}.Release|Win32.ActiveCfg = Release|Win32
		{E94B43B1-14AA-44D5-99C3-37CC186D1E33}.Release|Win32.Build.0 = Release|Win32
	EndGlobalSection
	GlobalSection(SolutionProperties) = preSolution
		HideSolutionNode = FALSE
	EndGlobalSection
EndGlobal
